// !$*UTF8*$!
{
	archiveVersion = 1;
	classes = {
	};
	objectVersion = 48;
	objects = {

/* Begin PBXBuildFile section */
		6DE1B97D204B3335002C9F66 /* AppDelegate.swift in Sources */ = {isa = PBXBuildFile; fileRef = 6DE1B97C204B3335002C9F66 /* AppDelegate.swift */; };
		6DE1B97F204B3335002C9F66 /* ViewController.swift in Sources */ = {isa = PBXBuildFile; fileRef = 6DE1B97E204B3335002C9F66 /* ViewController.swift */; };
		6DE1B982204B3335002C9F66 /* Main.storyboard in Resources */ = {isa = PBXBuildFile; fileRef = 6DE1B980204B3335002C9F66 /* Main.storyboard */; };
		6DE1B984204B3335002C9F66 /* Assets.xcassets in Resources */ = {isa = PBXBuildFile; fileRef = 6DE1B983204B3335002C9F66 /* Assets.xcassets */; };
		6DE1B987204B3335002C9F66 /* LaunchScreen.storyboard in Resources */ = {isa = PBXBuildFile; fileRef = 6DE1B985204B3335002C9F66 /* LaunchScreen.storyboard */; };
		6DE1B98F204B3597002C9F66 /* hustle-on.wav in Resources */ = {isa = PBXBuildFile; fileRef = 6DE1B98E204B3597002C9F66 /* hustle-on.wav */; };
/* End PBXBuildFile section */

/* Begin PBXFileReference section */
		6DE1B979204B3335002C9F66 /* HappyTracking.app */ = {isa = PBXFileReference; explicitFileType = wrapper.application; includeInIndex = 0; path = HappyTracking.app; sourceTree = BUILT_PRODUCTS_DIR; };
		6DE1B97C204B3335002C9F66 /* AppDelegate.swift */ = {isa = PBXFileReference; lastKnownFileType = sourcecode.swift; path = AppDelegate.swift; sourceTree = "<group>"; };
		6DE1B97E204B3335002C9F66 /* ViewController.swift */ = {isa = PBXFileReference; lastKnownFileType = sourcecode.swift; path = ViewController.swift; sourceTree = "<group>"; };
		6DE1B981204B3335002C9F66 /* Base */ = {isa = PBXFileReference; lastKnownFileType = file.storyboard; name = Base; path = Base.lproj/Main.storyboard; sourceTree = "<group>"; };
		6DE1B983204B3335002C9F66 /* Assets.xcassets */ = {isa = PBXFileReference; lastKnownFileType = folder.assetcatalog; path = Assets.xcassets; sourceTree = "<group>"; };
		6DE1B986204B3335002C9F66 /* Base */ = {isa = PBXFileReference; lastKnownFileType = file.storyboard; name = Base; path = Base.lproj/LaunchScreen.storyboard; sourceTree = "<group>"; };
		6DE1B988204B3335002C9F66 /* Info.plist */ = {isa = PBXFileReference; lastKnownFileType = text.plist.xml; path = Info.plist; sourceTree = "<group>"; };
		6DE1B98E204B3597002C9F66 /* hustle-on.wav */ = {isa = PBXFileReference; lastKnownFileType = audio.wav; path = "hustle-on.wav"; sourceTree = "<group>"; };
/* End PBXFileReference section */

/* Begin PBXFrameworksBuildPhase section */
		6DE1B976204B3335002C9F66 /* Frameworks */ = {
			isa = PBXFrameworksBuildPhase;
			buildActionMask = 2147483647;
			files = (
			);
			runOnlyForDeploymentPostprocessing = 0;
		};
/* End PBXFrameworksBuildPhase section */

/* Begin PBXGroup section */
		6DE1B970204B3335002C9F66 = {
			isa = PBXGroup;
			children = (
				6DE1B97B204B3335002C9F66 /* HappyTracking */,
				6DE1B97A204B3335002C9F66 /* Products */,
			);
			sourceTree = "<group>";
		};
		6DE1B97A204B3335002C9F66 /* Products */ = {
			isa = PBXGroup;
			children = (
				6DE1B979204B3335002C9F66 /* HappyTracking.app */,
			);
			name = Products;
			sourceTree = "<group>";
		};
		6DE1B97B204B3335002C9F66 /* HappyTracking */ = {
			isa = PBXGroup;
			children = (
				6DE1B98E204B3597002C9F66 /* hustle-on.wav */,
				6DE1B97C204B3335002C9F66 /* AppDelegate.swift */,
				6DE1B97E204B3335002C9F66 /* ViewController.swift */,
				6DE1B980204B3335002C9F66 /* Main.storyboard */,
				6DE1B983204B3335002C9F66 /* Assets.xcassets */,
				6DE1B985204B3335002C9F66 /* LaunchScreen.storyboard */,
				6DE1B988204B3335002C9F66 /* Info.plist */,
			);
			path = HappyTracking;
			sourceTree = "<group>";
		};
/* End PBXGroup section */

/* Begin PBXNativeTarget section */
		6DE1B978204B3335002C9F66 /* HappyTracking */ = {
			isa = PBXNativeTarget;
			buildConfigurationList = 6DE1B98B204B3335002C9F66 /* Build configuration list for PBXNativeTarget "HappyTracking" */;
			buildPhases = (
				6DE1B975204B3335002C9F66 /* Sources */,
				6DE1B976204B3335002C9F66 /* Frameworks */,
				6DE1B977204B3335002C9F66 /* Resources */,
			);
			buildRules = (
			);
			dependencies = (
			);
			name = HappyTracking;
			productName = HappyTracking;
			productReference = 6DE1B979204B3335002C9F66 /* HappyTracking.app */;
			productType = "com.apple.product-type.application";
		};
/* End PBXNativeTarget section */

/* Begin PBXProject section */
		6DE1B971204B3335002C9F66 /* Project object */ = {
			isa = PBXProject;
			attributes = {
				LastSwiftUpdateCheck = 0920;
				LastUpgradeCheck = 0920;
				ORGANIZATIONNAME = "Jacob Carlson";
				TargetAttributes = {
					6DE1B978204B3335002C9F66 = {
						CreatedOnToolsVersion = 9.2;
						ProvisioningStyle = Automatic;
					};
				};
			};
			buildConfigurationList = 6DE1B974204B3335002C9F66 /* Build configuration list for PBXProject "HappyTracking" */;
			compatibilityVersion = "Xcode 8.0";
			developmentRegion = en;
			hasScannedForEncodings = 0;
			knownRegions = (
				en,
				Base,
			);
			mainGroup = 6DE1B970204B3335002C9F66;
			productRefGroup = 6DE1B97A204B3335002C9F66 /* Products */;
			projectDirPath = "";
			projectRoot = "";
			targets = (
				6DE1B978204B3335002C9F66 /* HappyTracking */,
			);
		};
/* End PBXProject section */

/* Begin PBXResourcesBuildPhase section */
		6DE1B977204B3335002C9F66 /* Resources */ = {
			isa = PBXResourcesBuildPhase;
			buildActionMask = 2147483647;
			files = (
				6DE1B98F204B3597002C9F66 /* hustle-on.wav in Resources */,
				6DE1B987204B3335002C9F66 /* LaunchScreen.storyboard in Resources */,
				6DE1B984204B3335002C9F66 /* Assets.xcassets in Resources */,
				6DE1B982204B3335002C9F66 /* Main.storyboard in Resources */,
			);
			runOnlyForDeploymentPostprocessing = 0;
		};
/* End PBXResourcesBuildPhase section */

/* Begin PBXSourcesBuildPhase section */
		6DE1B975204B3335002C9F66 /* Sources */ = {
			isa = PBXSourcesBuildPhase;
			buildActionMask = 2147483647;
			files = (
				6DE1B97F204B3335002C9F66 /* ViewController.swift in Sources */,
				6DE1B97D204B3335002C9F66 /* AppDelegate.swift in Sources */,
			);
			runOnlyForDeploymentPostprocessing = 0;
		};
/* End PBXSourcesBuildPhase section */

/* Begin PBXVariantGroup section */
		6DE1B980204B3335002C9F66 /* Main.storyboard */ = {
			isa = PBXVariantGroup;
			children = (
				6DE1B981204B3335002C9F66 /* Base */,
			);
			name = Main.storyboard;
			sourceTree = "<group>";
		};
		6DE1B985204B3335002C9F66 /* LaunchScreen.storyboard */ = {
			isa = PBXVariantGroup;
			children = (
				6DE1B986204B3335002C9F66 /* Base */,
			);
			name = LaunchScreen.storyboard;
			sourceTree = "<group>";
		};
/* End PBXVariantGroup section */

/* Begin XCBuildConfiguration section */
		6DE1B989204B3335002C9F66 /* Debug */ = {
			isa = XCBuildConfiguration;
			buildSettings = {
				ALWAYS_SEARCH_USER_PATHS = NO;
				CLANG_ANALYZER_NONNULL = YES;
				CLANG_ANALYZER_NUMBER_OBJECT_CONVERSION = YES_AGGRESSIVE;
				CLANG_CXX_LANGUAGE_STANDARD = "gnu++14";
				CLANG_CXX_LIBRARY = "libc++";
				CLANG_ENABLE_MODULES = YES;
				CLANG_ENABLE_OBJC_ARC = YES;
				CLANG_WARN_BLOCK_CAPTURE_AUTORELEASING = YES;
				CLANG_WARN_BOOL_CONVERSION = YES;
				CLANG_WARN_COMMA = YES;
				CLANG_WARN_CONSTANT_CONVERSION = YES;
				CLANG_WARN_DIRECT_OBJC_ISA_USAGE = YES_ERROR;
				CLANG_WARN_DOCUMENTATION_COMMENTS = YES;
				CLANG_WARN_EMPTY_BODY = YES;
				CLANG_WARN_ENUM_CONVERSION = YES;
				CLANG_WARN_INFINITE_RECURSION = YES;
				CLANG_WARN_INT_CONVERSION = YES;
				CLANG_WARN_NON_LITERAL_NULL_CONVERSION = YES;
				CLANG_WARN_OBJC_LITERAL_CONVERSION = YES;
				CLANG_WARN_OBJC_ROOT_CLASS = YES_ERROR;
				CLANG_WARN_RANGE_LOOP_ANALYSIS = YES;
				CLANG_WARN_STRICT_PROTOTYPES = YES;
				CLANG_WARN_SUSPICIOUS_MOVE = YES;
				CLANG_WARN_UNGUARDED_AVAILABILITY = YES_AGGRESSIVE;
				CLANG_WARN_UNREACHABLE_CODE = YES;
				CLANG_WARN__DUPLICATE_METHOD_MATCH = YES;
				CODE_SIGN_IDENTITY = "iPhone Developer";
				COPY_PHASE_STRIP = NO;
				DEBUG_INFORMATION_FORMAT = dwarf;
				ENABLE_STRICT_OBJC_MSGSEND = YES;
				ENABLE_TESTABILITY = YES;
				GCC_C_LANGUAGE_STANDARD = gnu11;
				GCC_DYNAMIC_NO_PIC = NO;
				GCC_NO_COMMON_BLOCKS = YES;
				GCC_OPTIMIZATION_LEVEL = 0;
				GCC_PREPROCESSOR_DEFINITIONS = (
					"DEBUG=1",
					"$(inherited)",
				);
				GCC_WARN_64_TO_32_BIT_CONVERSION = YES;
				GCC_WARN_ABOUT_RETURN_TYPE = YES_ERROR;
				GCC_WARN_UNDECLARED_SELECTOR = YES;
				GCC_WARN_UNINITIALIZED_AUTOS = YES_AGGRESSIVE;
				GCC_WARN_UNUSED_FUNCTION = YES;
				GCC_WARN_UNUSED_VARIABLE = YES;
				IPHONEOS_DEPLOYMENT_TARGET = 11.2;
				MTL_ENABLE_DEBUG_INFO = YES;
				ONLY_ACTIVE_ARCH = YES;
				SDKROOT = iphoneos;
				SWIFT_ACTIVE_COMPILATION_CONDITIONS = DEBUG;
				SWIFT_OPTIMIZATION_LEVEL = "-Onone";
			};
			name = Debug;
		};
		6DE1B98A204B3335002C9F66 /* Release */ = {
			isa = XCBuildConfiguration;
			buildSettings = {
				ALWAYS_SEARCH_USER_PATHS = NO;
				CLANG_ANALYZER_NONNULL = YES;
				CLANG_ANALYZER_NUMBER_OBJECT_CONVERSION = YES_AGGRESSIVE;
				CLANG_CXX_LANGUAGE_STANDARD = "gnu++14";
				CLANG_CXX_LIBRARY = "libc++";
				CLANG_ENABLE_MODULES = YES;
				CLANG_ENABLE_OBJC_ARC = YES;
				CLANG_WARN_BLOCK_CAPTURE_AUTORELEASING = YES;
				CLANG_WARN_BOOL_CONVERSION = YES;
				CLANG_WARN_COMMA = YES;
				CLANG_WARN_CONSTANT_CONVERSION = YES;
				CLANG_WARN_DIRECT_OBJC_ISA_USAGE = YES_ERROR;
				CLANG_WARN_DOCUMENTATION_COMMENTS = YES;
				CLANG_WARN_EMPTY_BODY = YES;
				CLANG_WARN_ENUM_CONVERSION = YES;
				CLANG_WARN_INFINITE_RECURSION = YES;
				CLANG_WARN_INT_CONVERSION = YES;
				CLANG_WARN_NON_LITERAL_NULL_CONVERSION = YES;
				CLANG_WARN_OBJC_LITERAL_CONVERSION = YES;
				CLANG_WARN_OBJC_ROOT_CLASS = YES_ERROR;
				CLANG_WARN_RANGE_LOOP_ANALYSIS = YES;
				CLANG_WARN_STRICT_PROTOTYPES = YES;
				CLANG_WARN_SUSPICIOUS_MOVE = YES;
				CLANG_WARN_UNGUARDED_AVAILABILITY = YES_AGGRESSIVE;
				CLANG_WARN_UNREACHABLE_CODE = YES;
				CLANG_WARN__DUPLICATE_METHOD_MATCH = YES;
				CODE_SIGN_IDENTITY = "iPhone Developer";
				COPY_PHASE_STRIP = NO;
				DEBUG_INFORMATION_FORMAT = "dwarf-with-dsym";
				ENABLE_NS_ASSERTIONS = NO;
				ENABLE_STRICT_OBJC_MSGSEND = YES;
				GCC_C_LANGUAGE_STANDARD = gnu11;
				GCC_NO_COMMON_BLOCKS = YES;
				GCC_WARN_64_TO_32_BIT_CONVERSION = YES;
				GCC_WARN_ABOUT_RETURN_TYPE = YES_ERROR;
				GCC_WARN_UNDECLARED_SELECTOR = YES;
				GCC_WARN_UNINITIALIZED_AUTOS = YES_AGGRESSIVE;
				GCC_WARN_UNUSED_FUNCTION = YES;
				GCC_WARN_UNUSED_VARIABLE = YES;
				IPHONEOS_DEPLOYMENT_TARGET = 11.2;
				MTL_ENABLE_DEBUG_INFO = NO;
				SDKROOT = iphoneos;
				SWIFT_OPTIMIZATION_LEVEL = "-Owholemodule";
				VALIDATE_PRODUCT = YES;
			};
			name = Release;
		};
		6DE1B98C204B3335002C9F66 /* Debug */ = {
			isa = XCBuildConfiguration;
			buildSettings = {
				ASSETCATALOG_COMPILER_APPICON_NAME = AppIcon;
				CODE_SIGN_STYLE = Automatic;
				DEVELOPMENT_TEAM = 4R4L758VR9;
				INFOPLIST_FILE = HappyTracking/Info.plist;
				LD_RUNPATH_SEARCH_PATHS = "$(inherited) @executable_path/Frameworks";
				PRODUCT_BUNDLE_IDENTIFIER = JakeCarlson.HappyTracking;
				PRODUCT_NAME = "$(TARGET_NAME)";
				SWIFT_VERSION = 4.0;
				TARGETED_DEVICE_FAMILY = "1,2";
			};
			name = Debug;
		};
		6DE1B98D204B3335002C9F66 /* Release */ = {
			isa = XCBuildConfiguration;
			buildSettings = {
				ASSETCATALOG_COMPILER_APPICON_NAME = AppIcon;
				CODE_SIGN_STYLE = Automatic;
				DEVELOPMENT_TEAM = 4R4L758VR9;
				INFOPLIST_FILE = HappyTracking/Info.plist;
				LD_RUNPATH_SEARCH_PATHS = "$(inherited) @executable_path/Frameworks";
				PRODUCT_BUNDLE_IDENTIFIER = JakeCarlson.HappyTracking;
				PRODUCT_NAME = "$(TARGET_NAME)";
				SWIFT_VERSION = 4.0;
				TARGETED_DEVICE_FAMILY = "1,2";
			};
			name = Release;
		};
/* End XCBuildConfiguration section */

/* Begin XCConfigurationList section */
		6DE1B974204B3335002C9F66 /* Build configuration list for PBXProject "HappyTracking" */ = {
			isa = XCConfigurationList;
			buildConfigurations = (
				6DE1B989204B3335002C9F66 /* Debug */,
				6DE1B98A204B3335002C9F66 /* Release */,
			);
			defaultConfigurationIsVisible = 0;
			defaultConfigurationName = Release;
		};
		6DE1B98B204B3335002C9F66 /* Build configuration list for PBXNativeTarget "HappyTracking" */ = {
			isa = XCConfigurationList;
			buildConfigurations = (
				6DE1B98C204B3335002C9F66 /* Debug */,
				6DE1B98D204B3335002C9F66 /* Release */,
			);
			defaultConfigurationIsVisible = 0;
			defaultConfigurationName = Release;
		};
/* End XCConfigurationList section */
	};
	rootObject = 6DE1B971204B3335002C9F66 /* Project object */;
}
